# THIS IS AN AUTOGENERATED FILE. DO NOT EDIT THIS FILE DIRECTLY.
# yarn lockfile v1


commander@^2.9.0:
  version "2.16.0"
  resolved "https://registry.yarnpkg.com/commander/-/commander-2.16.0.tgz#f16390593996ceb4f3eeb020b31d78528f7f8a50"

cssfilter@0.0.10:
  version "0.0.10"
  resolved "https://registry.yarnpkg.com/cssfilter/-/cssfilter-0.0.10.tgz#c6d2672632a2e5c83e013e6864a42ce8defd20ae"

react-truncate-html@^0.1.7:
  version "0.1.7"
  resolved "https://registry.yarnpkg.com/react-truncate-html/-/react-truncate-html-0.1.7.tgz#85a00cab4b31fc766623558ad0433ceefd5122a9"
  dependencies:
    xss "^0.3.4"

xss@^0.3.4:
  version "0.3.8"
  resolved "https://registry.yarnpkg.com/xss/-/xss-0.3.8.tgz#d0cbe23bde490bc98c139f08de3899165a68af0e"
  dependencies:
    commander "^2.9.0"
    cssfilter "0.0.10"
